
Microsoft Visual Studio Solution File, Format Version 12.00
# Visual Studio 15
VisualStudioVersion = 15.0.27428.2002
MinimumVisualStudioVersion = 10.0.40219.1
Project("{8BC9CEB8-8B4A-11D0-8D11-00A0C91BC942}") = "ProjektSC", "ProjektSC\ProjektSC.vcxproj", "{DE4DF90B-BE1C-469D-8F29-D1112FF9CD0B}"
EndProject
Global
	GlobalSection(SolutionConfigurationPlatforms) = preSolution
		Debug|x64 = Debug|x64
		Debug|x86 = Debug|x86
		Release|x64 = Release|x64
		Release|x86 = Release|x86
	EndGlobalSection
	GlobalSection(ProjectConfigurationPlatforms) = postSolution
		{DE4DF90B-BE1C-469D-8F29-D1112FF9CD0B}.Debug|x64.ActiveCfg = Debug|x64
		{DE4DF90B-BE1C-469D-8F29-D1112FF9CD0B}.Debug|x64.Build.0 = Debug|x64
		{DE4DF90B-BE1C-469D-8F29-D1112FF9CD0B}.Debug|x86.ActiveCfg = Debug|Win32
		{DE4DF90B-BE1C-469D-8F29-D1112FF9CD0B}.Debug|x86.Build.0 = Debug|Win32
		{DE4DF90B-BE1C-469D-8F29-D1112FF9CD0B}.Release|x64.ActiveCfg = Release|x64
		{DE4DF90B-BE1C-469D-8F29-D1112FF9CD0B}.Release|x64.Build.0 = Release|x64
		{DE4DF90B-BE1C-469D-8F29-D1112FF9CD0B}.Release|x86.ActiveCfg = Release|Win32
		{DE4DF90B-BE1C-469D-8F29-D1112FF9CD0B}.Release|x86.Build.0 = Release|Win32
	EndGlobalSection
	GlobalSection(SolutionProperties) = preSolution
		HideSolutionNode = FALSE
	EndGlobalSection
	GlobalSection(ExtensibilityGlobals) = postSolution
		SolutionGuid = {A39986B3-D61F-4A85-B8F3-01D3577461A0}
	EndGlobalSection
EndGlobal
